
Microsoft Visual Studio Solution File, Format Version 12.00
# Visual Studio Version 17
VisualStudioVersion = 17.8.34511.84
MinimumVisualStudioVersion = 10.0.40219.1
Project("{FAE04EC0-301F-11D3-BF4B-00C04F79EFBC}") = "WebsiteBanHang", "WebsiteBanHang\WebsiteBanHang.csproj", "{07C1AC1E-394F-485A-9F36-1807EDBB3FC9}"
EndProject
Global
	GlobalSection(SolutionConfigurationPlatforms) = preSolution
		Debug|Any CPU = Debug|Any CPU
		Release|Any CPU = Release|Any CPU
	EndGlobalSection
	GlobalSection(ProjectConfigurationPlatforms) = postSolution
		{07C1AC1E-394F-485A-9F36-1807EDBB3FC9}.Debug|Any CPU.ActiveCfg = Debug|Any CPU
		{07C1AC1E-394F-485A-9F36-1807EDBB3FC9}.Debug|Any CPU.Build.0 = Debug|Any CPU
		{07C1AC1E-394F-485A-9F36-1807EDBB3FC9}.Release|Any CPU.ActiveCfg = Release|Any CPU
		{07C1AC1E-394F-485A-9F36-1807EDBB3FC9}.Release|Any CPU.Build.0 = Release|Any CPU
	EndGlobalSection
	GlobalSection(SolutionProperties) = preSolution
		HideSolutionNode = FALSE
	EndGlobalSection
	GlobalSection(ExtensibilityGlobals) = postSolution
		SolutionGuid = {60521A9F-E9BA-4370-BFA8-512DC7B4CE66}
	EndGlobalSection
EndGlobal
